// !$*UTF8*$!
{
	archiveVersion = 1;
	classes = {
	};
	objectVersion = 56;
	objects = {

/* Begin PBXBuildFile section */
		189046A42B78B39200052584 /* IphoneParadiseApp.swift in Sources */ = {isa = PBXBuildFile; fileRef = 189046A32B78B39200052584 /* IphoneParadiseApp.swift */; };
		189046A62B78B39200052584 /* ContentView.swift in Sources */ = {isa = PBXBuildFile; fileRef = 189046A52B78B39200052584 /* ContentView.swift */; };
		189046A82B78B39500052584 /* Assets.xcassets in Resources */ = {isa = PBXBuildFile; fileRef = 189046A72B78B39500052584 /* Assets.xcassets */; };
		189046AB2B78B39500052584 /* Preview Assets.xcassets in Resources */ = {isa = PBXBuildFile; fileRef = 189046AA2B78B39500052584 /* Preview Assets.xcassets */; };
		189046B32B78C4D100052584 /* Product.swift in Sources */ = {isa = PBXBuildFile; fileRef = 189046B22B78C4D100052584 /* Product.swift */; };
		189046B62B78C8D800052584 /* Product Card.swift in Sources */ = {isa = PBXBuildFile; fileRef = 189046B52B78C8D800052584 /* Product Card.swift */; };
		189046B92B7940CB00052584 /* CartButton.swift in Sources */ = {isa = PBXBuildFile; fileRef = 189046B82B7940CB00052584 /* CartButton.swift */; };
		189046BB2B7943E500052584 /* CartView.swift in Sources */ = {isa = PBXBuildFile; fileRef = 189046BA2B7943E500052584 /* CartView.swift */; };
		189046BD2B79452400052584 /* CartManager.swift in Sources */ = {isa = PBXBuildFile; fileRef = 189046BC2B79452400052584 /* CartManager.swift */; };
		189046BF2B79499100052584 /* ProductRow.swift in Sources */ = {isa = PBXBuildFile; fileRef = 189046BE2B79499100052584 /* ProductRow.swift */; };
		189046C12B79C63B00052584 /* PaymentButton.swift in Sources */ = {isa = PBXBuildFile; fileRef = 189046C02B79C63B00052584 /* PaymentButton.swift */; };
/* End PBXBuildFile section */

/* Begin PBXFileReference section */
		189046A02B78B39200052584 /* IphoneParadise.app */ = {isa = PBXFileReference; explicitFileType = wrapper.application; includeInIndex = 0; path = IphoneParadise.app; sourceTree = BUILT_PRODUCTS_DIR; };
		189046A32B78B39200052584 /* IphoneParadiseApp.swift */ = {isa = PBXFileReference; lastKnownFileType = sourcecode.swift; path = IphoneParadiseApp.swift; sourceTree = "<group>"; };
		189046A52B78B39200052584 /* ContentView.swift */ = {isa = PBXFileReference; lastKnownFileType = sourcecode.swift; path = ContentView.swift; sourceTree = "<group>"; };
		189046A72B78B39500052584 /* Assets.xcassets */ = {isa = PBXFileReference; lastKnownFileType = folder.assetcatalog; path = Assets.xcassets; sourceTree = "<group>"; };
		189046AA2B78B39500052584 /* Preview Assets.xcassets */ = {isa = PBXFileReference; lastKnownFileType = folder.assetcatalog; path = "Preview Assets.xcassets"; sourceTree = "<group>"; };
		189046B22B78C4D100052584 /* Product.swift */ = {isa = PBXFileReference; lastKnownFileType = sourcecode.swift; path = Product.swift; sourceTree = "<group>"; };
		189046B52B78C8D800052584 /* Product Card.swift */ = {isa = PBXFileReference; lastKnownFileType = sourcecode.swift; path = "Product Card.swift"; sourceTree = "<group>"; };
		189046B82B7940CB00052584 /* CartButton.swift */ = {isa = PBXFileReference; lastKnownFileType = sourcecode.swift; path = CartButton.swift; sourceTree = "<group>"; };
		189046BA2B7943E500052584 /* CartView.swift */ = {isa = PBXFileReference; lastKnownFileType = sourcecode.swift; path = CartView.swift; sourceTree = "<group>"; };
		189046BC2B79452400052584 /* CartManager.swift */ = {isa = PBXFileReference; lastKnownFileType = sourcecode.swift; path = CartManager.swift; sourceTree = "<group>"; };
		189046BE2B79499100052584 /* ProductRow.swift */ = {isa = PBXFileReference; lastKnownFileType = sourcecode.swift; path = ProductRow.swift; sourceTree = "<group>"; };
		189046C02B79C63B00052584 /* PaymentButton.swift */ = {isa = PBXFileReference; lastKnownFileType = sourcecode.swift; path = PaymentButton.swift; sourceTree = "<group>"; };
/* End PBXFileReference section */

/* Begin PBXFrameworksBuildPhase section */
		1890469D2B78B39100052584 /* Frameworks */ = {
			isa = PBXFrameworksBuildPhase;
			buildActionMask = 2147483647;
			files = (
			);
			runOnlyForDeploymentPostprocessing = 0;
		};
/* End PBXFrameworksBuildPhase section */

/* Begin PBXGroup section */
		189046972B78B39100052584 = {
			isa = PBXGroup;
			children = (
				189046A22B78B39200052584 /* IphoneParadise */,
				189046A12B78B39200052584 /* Products */,
			);
			sourceTree = "<group>";
		};
		189046A12B78B39200052584 /* Products */ = {
			isa = PBXGroup;
			children = (
				189046A02B78B39200052584 /* IphoneParadise.app */,
			);
			name = Products;
			sourceTree = "<group>";
		};
		189046A22B78B39200052584 /* IphoneParadise */ = {
			isa = PBXGroup;
			children = (
				189046A32B78B39200052584 /* IphoneParadiseApp.swift */,
				189046B72B793D1D00052584 /* Views */,
				189046B42B78C89000052584 /* Components */,
				189046B12B78C4A000052584 /* Models */,
				189046A72B78B39500052584 /* Assets.xcassets */,
				189046A92B78B39500052584 /* Preview Content */,
				189046BC2B79452400052584 /* CartManager.swift */,
			);
			path = IphoneParadise;
			sourceTree = "<group>";
		};
		189046A92B78B39500052584 /* Preview Content */ = {
			isa = PBXGroup;
			children = (
				189046AA2B78B39500052584 /* Preview Assets.xcassets */,
			);
			path = "Preview Content";
			sourceTree = "<group>";
		};
		189046B12B78C4A000052584 /* Models */ = {
			isa = PBXGroup;
			children = (
				189046B22B78C4D100052584 /* Product.swift */,
			);
			path = Models;
			sourceTree = "<group>";
		};
		189046B42B78C89000052584 /* Components */ = {
			isa = PBXGroup;
			children = (
				189046B52B78C8D800052584 /* Product Card.swift */,
				189046B82B7940CB00052584 /* CartButton.swift */,
				189046BE2B79499100052584 /* ProductRow.swift */,
				189046C02B79C63B00052584 /* PaymentButton.swift */,
			);
			path = Components;
			sourceTree = "<group>";
		};
		189046B72B793D1D00052584 /* Views */ = {
			isa = PBXGroup;
			children = (
				189046A52B78B39200052584 /* ContentView.swift */,
				189046BA2B7943E500052584 /* CartView.swift */,
			);
			path = Views;
			sourceTree = "<group>";
		};
/* End PBXGroup section */

/* Begin PBXNativeTarget section */
		1890469F2B78B39100052584 /* IphoneParadise */ = {
			isa = PBXNativeTarget;
			buildConfigurationList = 189046AE2B78B39500052584 /* Build configuration list for PBXNativeTarget "IphoneParadise" */;
			buildPhases = (
				1890469C2B78B39100052584 /* Sources */,
				1890469D2B78B39100052584 /* Frameworks */,
				1890469E2B78B39100052584 /* Resources */,
			);
			buildRules = (
			);
			dependencies = (
			);
			name = IphoneParadise;
			productName = IphoneParadise;
			productReference = 189046A02B78B39200052584 /* IphoneParadise.app */;
			productType = "com.apple.product-type.application";
		};
/* End PBXNativeTarget section */

/* Begin PBXProject section */
		189046982B78B39100052584 /* Project object */ = {
			isa = PBXProject;
			attributes = {
				BuildIndependentTargetsInParallel = 1;
				LastSwiftUpdateCheck = 1410;
				LastUpgradeCheck = 1410;
				TargetAttributes = {
					1890469F2B78B39100052584 = {
						CreatedOnToolsVersion = 14.1;
					};
				};
			};
			buildConfigurationList = 1890469B2B78B39100052584 /* Build configuration list for PBXProject "IphoneParadise" */;
			compatibilityVersion = "Xcode 14.0";
			developmentRegion = en;
			hasScannedForEncodings = 0;
			knownRegions = (
				en,
				Base,
			);
			mainGroup = 189046972B78B39100052584;
			productRefGroup = 189046A12B78B39200052584 /* Products */;
			projectDirPath = "";
			projectRoot = "";
			targets = (
				1890469F2B78B39100052584 /* IphoneParadise */,
			);
		};
/* End PBXProject section */

/* Begin PBXResourcesBuildPhase section */
		1890469E2B78B39100052584 /* Resources */ = {
			isa = PBXResourcesBuildPhase;
			buildActionMask = 2147483647;
			files = (
				189046AB2B78B39500052584 /* Preview Assets.xcassets in Resources */,
				189046A82B78B39500052584 /* Assets.xcassets in Resources */,
			);
			runOnlyForDeploymentPostprocessing = 0;
		};
/* End PBXResourcesBuildPhase section */

/* Begin PBXSourcesBuildPhase section */
		1890469C2B78B39100052584 /* Sources */ = {
			isa = PBXSourcesBuildPhase;
			buildActionMask = 2147483647;
			files = (
				189046C12B79C63B00052584 /* PaymentButton.swift in Sources */,
				189046BB2B7943E500052584 /* CartView.swift in Sources */,
				189046B62B78C8D800052584 /* Product Card.swift in Sources */,
				189046BD2B79452400052584 /* CartManager.swift in Sources */,
				189046A62B78B39200052584 /* ContentView.swift in Sources */,
				189046BF2B79499100052584 /* ProductRow.swift in Sources */,
				189046A42B78B39200052584 /* IphoneParadiseApp.swift in Sources */,
				189046B32B78C4D100052584 /* Product.swift in Sources */,
				189046B92B7940CB00052584 /* CartButton.swift in Sources */,
			);
			runOnlyForDeploymentPostprocessing = 0;
		};
/* End PBXSourcesBuildPhase section */

/* Begin XCBuildConfiguration section */
		189046AC2B78B39500052584 /* Debug */ = {
			isa = XCBuildConfiguration;
			buildSettings = {
				ALWAYS_SEARCH_USER_PATHS = NO;
				CLANG_ANALYZER_NONNULL = YES;
				CLANG_ANALYZER_NUMBER_OBJECT_CONVERSION = YES_AGGRESSIVE;
				CLANG_CXX_LANGUAGE_STANDARD = "gnu++20";
				CLANG_ENABLE_MODULES = YES;
				CLANG_ENABLE_OBJC_ARC = YES;
				CLANG_ENABLE_OBJC_WEAK = YES;
				CLANG_WARN_BLOCK_CAPTURE_AUTORELEASING = YES;
				CLANG_WARN_BOOL_CONVERSION = YES;
				CLANG_WARN_COMMA = YES;
				CLANG_WARN_CONSTANT_CONVERSION = YES;
				CLANG_WARN_DEPRECATED_OBJC_IMPLEMENTATIONS = YES;
				CLANG_WARN_DIRECT_OBJC_ISA_USAGE = YES_ERROR;
				CLANG_WARN_DOCUMENTATION_COMMENTS = YES;
				CLANG_WARN_EMPTY_BODY = YES;
				CLANG_WARN_ENUM_CONVERSION = YES;
				CLANG_WARN_INFINITE_RECURSION = YES;
				CLANG_WARN_INT_CONVERSION = YES;
				CLANG_WARN_NON_LITERAL_NULL_CONVERSION = YES;
				CLANG_WARN_OBJC_IMPLICIT_RETAIN_SELF = YES;
				CLANG_WARN_OBJC_LITERAL_CONVERSION = YES;
				CLANG_WARN_OBJC_ROOT_CLASS = YES_ERROR;
				CLANG_WARN_QUOTED_INCLUDE_IN_FRAMEWORK_HEADER = YES;
				CLANG_WARN_RANGE_LOOP_ANALYSIS = YES;
				CLANG_WARN_STRICT_PROTOTYPES = YES;
				CLANG_WARN_SUSPICIOUS_MOVE = YES;
				CLANG_WARN_UNGUARDED_AVAILABILITY = YES_AGGRESSIVE;
				CLANG_WARN_UNREACHABLE_CODE = YES;
				CLANG_WARN__DUPLICATE_METHOD_MATCH = YES;
				COPY_PHASE_STRIP = NO;
				DEBUG_INFORMATION_FORMAT = dwarf;
				ENABLE_STRICT_OBJC_MSGSEND = YES;
				ENABLE_TESTABILITY = YES;
				GCC_C_LANGUAGE_STANDARD = gnu11;
				GCC_DYNAMIC_NO_PIC = NO;
				GCC_NO_COMMON_BLOCKS = YES;
				GCC_OPTIMIZATION_LEVEL = 0;
				GCC_PREPROCESSOR_DEFINITIONS = (
					"DEBUG=1",
					"$(inherited)",
				);
				GCC_WARN_64_TO_32_BIT_CONVERSION = YES;
				GCC_WARN_ABOUT_RETURN_TYPE = YES_ERROR;
				GCC_WARN_UNDECLARED_SELECTOR = YES;
				GCC_WARN_UNINITIALIZED_AUTOS = YES_AGGRESSIVE;
				GCC_WARN_UNUSED_FUNCTION = YES;
				GCC_WARN_UNUSED_VARIABLE = YES;
				IPHONEOS_DEPLOYMENT_TARGET = 16.1;
				MTL_ENABLE_DEBUG_INFO = INCLUDE_SOURCE;
				MTL_FAST_MATH = YES;
				ONLY_ACTIVE_ARCH = YES;
				SDKROOT = iphoneos;
				SWIFT_ACTIVE_COMPILATION_CONDITIONS = DEBUG;
				SWIFT_OPTIMIZATION_LEVEL = "-Onone";
			};
			name = Debug;
		};
		189046AD2B78B39500052584 /* Release */ = {
			isa = XCBuildConfiguration;
			buildSettings = {
				ALWAYS_SEARCH_USER_PATHS = NO;
				CLANG_ANALYZER_NONNULL = YES;
				CLANG_ANALYZER_NUMBER_OBJECT_CONVERSION = YES_AGGRESSIVE;
				CLANG_CXX_LANGUAGE_STANDARD = "gnu++20";
				CLANG_ENABLE_MODULES = YES;
				CLANG_ENABLE_OBJC_ARC = YES;
				CLANG_ENABLE_OBJC_WEAK = YES;
				CLANG_WARN_BLOCK_CAPTURE_AUTORELEASING = YES;
				CLANG_WARN_BOOL_CONVERSION = YES;
				CLANG_WARN_COMMA = YES;
				CLANG_WARN_CONSTANT_CONVERSION = YES;
				CLANG_WARN_DEPRECATED_OBJC_IMPLEMENTATIONS = YES;
				CLANG_WARN_DIRECT_OBJC_ISA_USAGE = YES_ERROR;
				CLANG_WARN_DOCUMENTATION_COMMENTS = YES;
				CLANG_WARN_EMPTY_BODY = YES;
				CLANG_WARN_ENUM_CONVERSION = YES;
				CLANG_WARN_INFINITE_RECURSION = YES;
				CLANG_WARN_INT_CONVERSION = YES;
				CLANG_WARN_NON_LITERAL_NULL_CONVERSION = YES;
				CLANG_WARN_OBJC_IMPLICIT_RETAIN_SELF = YES;
				CLANG_WARN_OBJC_LITERAL_CONVERSION = YES;
				CLANG_WARN_OBJC_ROOT_CLASS = YES_ERROR;
				CLANG_WARN_QUOTED_INCLUDE_IN_FRAMEWORK_HEADER = YES;
				CLANG_WARN_RANGE_LOOP_ANALYSIS = YES;
				CLANG_WARN_STRICT_PROTOTYPES = YES;
				CLANG_WARN_SUSPICIOUS_MOVE = YES;
				CLANG_WARN_UNGUARDED_AVAILABILITY = YES_AGGRESSIVE;
				CLANG_WARN_UNREACHABLE_CODE = YES;
				CLANG_WARN__DUPLICATE_METHOD_MATCH = YES;
				COPY_PHASE_STRIP = NO;
				DEBUG_INFORMATION_FORMAT = "dwarf-with-dsym";
				ENABLE_NS_ASSERTIONS = NO;
				ENABLE_STRICT_OBJC_MSGSEND = YES;
				GCC_C_LANGUAGE_STANDARD = gnu11;
				GCC_NO_COMMON_BLOCKS = YES;
				GCC_WARN_64_TO_32_BIT_CONVERSION = YES;
				GCC_WARN_ABOUT_RETURN_TYPE = YES_ERROR;
				GCC_WARN_UNDECLARED_SELECTOR = YES;
				GCC_WARN_UNINITIALIZED_AUTOS = YES_AGGRESSIVE;
				GCC_WARN_UNUSED_FUNCTION = YES;
				GCC_WARN_UNUSED_VARIABLE = YES;
				IPHONEOS_DEPLOYMENT_TARGET = 16.1;
				MTL_ENABLE_DEBUG_INFO = NO;
				MTL_FAST_MATH = YES;
				SDKROOT = iphoneos;
				SWIFT_COMPILATION_MODE = wholemodule;
				SWIFT_OPTIMIZATION_LEVEL = "-O";
				VALIDATE_PRODUCT = YES;
			};
			name = Release;
		};
		189046AF2B78B39500052584 /* Debug */ = {
			isa = XCBuildConfiguration;
			buildSettings = {
				ASSETCATALOG_COMPILER_APPICON_NAME = AppIcon;
				ASSETCATALOG_COMPILER_GLOBAL_ACCENT_COLOR_NAME = AccentColor;
				CODE_SIGN_STYLE = Automatic;
				CURRENT_PROJECT_VERSION = 1;
				DEVELOPMENT_ASSET_PATHS = "\"IphoneParadise/Preview Content\"";
				DEVELOPMENT_TEAM = H26CA83Y77;
				ENABLE_PREVIEWS = YES;
				GENERATE_INFOPLIST_FILE = YES;
				INFOPLIST_KEY_UIApplicationSceneManifest_Generation = YES;
				INFOPLIST_KEY_UIApplicationSupportsIndirectInputEvents = YES;
				INFOPLIST_KEY_UILaunchScreen_Generation = YES;
				INFOPLIST_KEY_UISupportedInterfaceOrientations_iPad = "UIInterfaceOrientationPortrait UIInterfaceOrientationPortraitUpsideDown UIInterfaceOrientationLandscapeLeft UIInterfaceOrientationLandscapeRight";
				INFOPLIST_KEY_UISupportedInterfaceOrientations_iPhone = "UIInterfaceOrientationPortrait UIInterfaceOrientationLandscapeLeft UIInterfaceOrientationLandscapeRight";
				LD_RUNPATH_SEARCH_PATHS = (
					"$(inherited)",
					"@executable_path/Frameworks",
				);
				MARKETING_VERSION = 1.0;
				PRODUCT_BUNDLE_IDENTIFIER = co.vanshitag.IphoneParadise;
				PRODUCT_NAME = "$(TARGET_NAME)";
				SWIFT_EMIT_LOC_STRINGS = YES;
				SWIFT_VERSION = 5.0;
				TARGETED_DEVICE_FAMILY = "1,2";
			};
			name = Debug;
		};
		189046B02B78B39500052584 /* Release */ = {
			isa = XCBuildConfiguration;
			buildSettings = {
				ASSETCATALOG_COMPILER_APPICON_NAME = AppIcon;
				ASSETCATALOG_COMPILER_GLOBAL_ACCENT_COLOR_NAME = AccentColor;
				CODE_SIGN_STYLE = Automatic;
				CURRENT_PROJECT_VERSION = 1;
				DEVELOPMENT_ASSET_PATHS = "\"IphoneParadise/Preview Content\"";
				DEVELOPMENT_TEAM = H26CA83Y77;
				ENABLE_PREVIEWS = YES;
				GENERATE_INFOPLIST_FILE = YES;
				INFOPLIST_KEY_UIApplicationSceneManifest_Generation = YES;
				INFOPLIST_KEY_UIApplicationSupportsIndirectInputEvents = YES;
				INFOPLIST_KEY_UILaunchScreen_Generation = YES;
				INFOPLIST_KEY_UISupportedInterfaceOrientations_iPad = "UIInterfaceOrientationPortrait UIInterfaceOrientationPortraitUpsideDown UIInterfaceOrientationLandscapeLeft UIInterfaceOrientationLandscapeRight";
				INFOPLIST_KEY_UISupportedInterfaceOrientations_iPhone = "UIInterfaceOrientationPortrait UIInterfaceOrientationLandscapeLeft UIInterfaceOrientationLandscapeRight";
				LD_RUNPATH_SEARCH_PATHS = (
					"$(inherited)",
					"@executable_path/Frameworks",
				);
				MARKETING_VERSION = 1.0;
				PRODUCT_BUNDLE_IDENTIFIER = co.vanshitag.IphoneParadise;
				PRODUCT_NAME = "$(TARGET_NAME)";
				SWIFT_EMIT_LOC_STRINGS = YES;
				SWIFT_VERSION = 5.0;
				TARGETED_DEVICE_FAMILY = "1,2";
			};
			name = Release;
		};
/* End XCBuildConfiguration section */

/* Begin XCConfigurationList section */
		1890469B2B78B39100052584 /* Build configuration list for PBXProject "IphoneParadise" */ = {
			isa = XCConfigurationList;
			buildConfigurations = (
				189046AC2B78B39500052584 /* Debug */,
				189046AD2B78B39500052584 /* Release */,
			);
			defaultConfigurationIsVisible = 0;
			defaultConfigurationName = Release;
		};
		189046AE2B78B39500052584 /* Build configuration list for PBXNativeTarget "IphoneParadise" */ = {
			isa = XCConfigurationList;
			buildConfigurations = (
				189046AF2B78B39500052584 /* Debug */,
				189046B02B78B39500052584 /* Release */,
			);
			defaultConfigurationIsVisible = 0;
			defaultConfigurationName = Release;
		};
/* End XCConfigurationList section */
	};
	rootObject = 189046982B78B39100052584 /* Project object */;
}
